
Microsoft Visual Studio Solution File, Format Version 12.00
# Visual Studio Version 16
VisualStudioVersion = 16.0.28803.202
MinimumVisualStudioVersion = 10.0.40219.1
Project("{FAE04EC0-301F-11D3-BF4B-00C04F79EFBC}") = "MattsTwitchBot", "MattsTwitchBot\MattsTwitchBot.csproj", "{9B09AAE4-1CC7-4733-BC8C-5FC4BD6AC8C5}"
EndProject
Global
	GlobalSection(SolutionConfigurationPlatforms) = preSolution
		Debug|Any CPU = Debug|Any CPU
		Release|Any CPU = Release|Any CPU
	EndGlobalSection
	GlobalSection(ProjectConfigurationPlatforms) = postSolution
		{9B09AAE4-1CC7-4733-BC8C-5FC4BD6AC8C5}.Debug|Any CPU.ActiveCfg = Debug|Any CPU
		{9B09AAE4-1CC7-4733-BC8C-5FC4BD6AC8C5}.Debug|Any CPU.Build.0 = Debug|Any CPU
		{9B09AAE4-1CC7-4733-BC8C-5FC4BD6AC8C5}.Release|Any CPU.ActiveCfg = Release|Any CPU
		{9B09AAE4-1CC7-4733-BC8C-5FC4BD6AC8C5}.Release|Any CPU.Build.0 = Release|Any CPU
	EndGlobalSection
	GlobalSection(SolutionProperties) = preSolution
		HideSolutionNode = FALSE
	EndGlobalSection
	GlobalSection(ExtensibilityGlobals) = postSolution
		SolutionGuid = {6D0A106E-B76E-4831-A53E-40750F68B42C}
	EndGlobalSection
EndGlobal
