
Microsoft Visual Studio Solution File, Format Version 12.00
# Visual Studio Version 16
VisualStudioVersion = 16.0.28803.202
MinimumVisualStudioVersion = 10.0.40219.1
Project("{9A19103F-16F7-4668-BE54-9A1E7A4F7556}") = "MattsTwitchBot.Web", "MattsTwitchBot.Web\MattsTwitchBot.Web.csproj", "{7ACA4140-DAF8-48A2-87AB-8481ACBE3BD3}"
EndProject
Project("{9A19103F-16F7-4668-BE54-9A1E7A4F7556}") = "MattsTwitchBot.Core", "MattsTwitchBot.Core\MattsTwitchBot.Core.csproj", "{BF64670C-BE41-4E38-A9B7-56FAF5ED7251}"
EndProject
Project("{9A19103F-16F7-4668-BE54-9A1E7A4F7556}") = "MattsTwitchBot.Tests", "MattsTwitchBot.Tests\MattsTwitchBot.Tests.csproj", "{AB6E8FB2-93C2-4C15-9BE5-34E738869464}"
EndProject
Project("{2150E333-8FDC-42A3-9474-1A3956D46DE8}") = "Solution Items", "Solution Items", "{DB0F3F0C-B65B-4A7B-BD00-52E05CFFC52A}"
	ProjectSection(SolutionItems) = preProject
		README.adoc = README.adoc
	EndProjectSection
EndProject
Project("{9A19103F-16F7-4668-BE54-9A1E7A4F7556}") = "Couchbase", "..\couchbase-net-client\src\Couchbase\Couchbase.csproj", "{E1E6661B-3CDA-4960-A34A-23CDD0CAB043}"
EndProject
Project("{9A19103F-16F7-4668-BE54-9A1E7A4F7556}") = "Couchbase.Extensions.DependencyInjection", "..\couchbase-net-client\src\Couchbase.Extensions.DependencyInjection\Couchbase.Extensions.DependencyInjection.csproj", "{B2BA55E1-6345-4BF4-8B2B-D3E0E656706B}"
EndProject
Global
	GlobalSection(SolutionConfigurationPlatforms) = preSolution
		Debug|Any CPU = Debug|Any CPU
		Release|Any CPU = Release|Any CPU
	EndGlobalSection
	GlobalSection(ProjectConfigurationPlatforms) = postSolution
		{7ACA4140-DAF8-48A2-87AB-8481ACBE3BD3}.Debug|Any CPU.ActiveCfg = Debug|Any CPU
		{7ACA4140-DAF8-48A2-87AB-8481ACBE3BD3}.Debug|Any CPU.Build.0 = Debug|Any CPU
		{7ACA4140-DAF8-48A2-87AB-8481ACBE3BD3}.Release|Any CPU.ActiveCfg = Release|Any CPU
		{7ACA4140-DAF8-48A2-87AB-8481ACBE3BD3}.Release|Any CPU.Build.0 = Release|Any CPU
		{BF64670C-BE41-4E38-A9B7-56FAF5ED7251}.Debug|Any CPU.ActiveCfg = Debug|Any CPU
		{BF64670C-BE41-4E38-A9B7-56FAF5ED7251}.Debug|Any CPU.Build.0 = Debug|Any CPU
		{BF64670C-BE41-4E38-A9B7-56FAF5ED7251}.Release|Any CPU.ActiveCfg = Release|Any CPU
		{BF64670C-BE41-4E38-A9B7-56FAF5ED7251}.Release|Any CPU.Build.0 = Release|Any CPU
		{AB6E8FB2-93C2-4C15-9BE5-34E738869464}.Debug|Any CPU.ActiveCfg = Debug|Any CPU
		{AB6E8FB2-93C2-4C15-9BE5-34E738869464}.Debug|Any CPU.Build.0 = Debug|Any CPU
		{AB6E8FB2-93C2-4C15-9BE5-34E738869464}.Release|Any CPU.ActiveCfg = Release|Any CPU
		{AB6E8FB2-93C2-4C15-9BE5-34E738869464}.Release|Any CPU.Build.0 = Release|Any CPU
		{E1E6661B-3CDA-4960-A34A-23CDD0CAB043}.Debug|Any CPU.ActiveCfg = Debug|Any CPU
		{E1E6661B-3CDA-4960-A34A-23CDD0CAB043}.Debug|Any CPU.Build.0 = Debug|Any CPU
		{E1E6661B-3CDA-4960-A34A-23CDD0CAB043}.Release|Any CPU.ActiveCfg = Release|Any CPU
		{E1E6661B-3CDA-4960-A34A-23CDD0CAB043}.Release|Any CPU.Build.0 = Release|Any CPU
		{B2BA55E1-6345-4BF4-8B2B-D3E0E656706B}.Debug|Any CPU.ActiveCfg = Debug|Any CPU
		{B2BA55E1-6345-4BF4-8B2B-D3E0E656706B}.Debug|Any CPU.Build.0 = Debug|Any CPU
		{B2BA55E1-6345-4BF4-8B2B-D3E0E656706B}.Release|Any CPU.ActiveCfg = Release|Any CPU
		{B2BA55E1-6345-4BF4-8B2B-D3E0E656706B}.Release|Any CPU.Build.0 = Release|Any CPU
	EndGlobalSection
	GlobalSection(SolutionProperties) = preSolution
		HideSolutionNode = FALSE
	EndGlobalSection
	GlobalSection(ExtensibilityGlobals) = postSolution
		SolutionGuid = {6D0A106E-B76E-4831-A53E-40750F68B42C}
	EndGlobalSection
EndGlobal
