
Microsoft Visual Studio Solution File, Format Version 12.00
# Visual Studio Version 17
VisualStudioVersion = 17.6.33723.286
MinimumVisualStudioVersion = 10.0.40219.1
Project("{FAE04EC0-301F-11D3-BF4B-00C04F79EFBC}") = "MattsTwitchBot.Web", "MattsTwitchBot.Web\MattsTwitchBot.Web.csproj", "{C23B4CB7-9710-4DD5-BFEE-81EB8BF820D0}"
EndProject
Project("{FAE04EC0-301F-11D3-BF4B-00C04F79EFBC}") = "MattsTwitchBot.Core", "MattsTwitchBot.Core\MattsTwitchBot.Core.csproj", "{34AE79DE-488B-46E1-9C80-6AA98E4543A9}"
EndProject
Project("{FAE04EC0-301F-11D3-BF4B-00C04F79EFBC}") = "MattsTwitchBot.Tests", "MattsTwitchBot.Tests\MattsTwitchBot.Tests.csproj", "{02AF57E7-44E5-4717-B699-799E651E3388}"
EndProject
Global
	GlobalSection(SolutionConfigurationPlatforms) = preSolution
		Debug|Any CPU = Debug|Any CPU
		Release|Any CPU = Release|Any CPU
	EndGlobalSection
	GlobalSection(ProjectConfigurationPlatforms) = postSolution
		{C23B4CB7-9710-4DD5-BFEE-81EB8BF820D0}.Debug|Any CPU.ActiveCfg = Debug|Any CPU
		{C23B4CB7-9710-4DD5-BFEE-81EB8BF820D0}.Debug|Any CPU.Build.0 = Debug|Any CPU
		{C23B4CB7-9710-4DD5-BFEE-81EB8BF820D0}.Release|Any CPU.ActiveCfg = Release|Any CPU
		{C23B4CB7-9710-4DD5-BFEE-81EB8BF820D0}.Release|Any CPU.Build.0 = Release|Any CPU
		{34AE79DE-488B-46E1-9C80-6AA98E4543A9}.Debug|Any CPU.ActiveCfg = Debug|Any CPU
		{34AE79DE-488B-46E1-9C80-6AA98E4543A9}.Debug|Any CPU.Build.0 = Debug|Any CPU
		{34AE79DE-488B-46E1-9C80-6AA98E4543A9}.Release|Any CPU.ActiveCfg = Release|Any CPU
		{34AE79DE-488B-46E1-9C80-6AA98E4543A9}.Release|Any CPU.Build.0 = Release|Any CPU
		{02AF57E7-44E5-4717-B699-799E651E3388}.Debug|Any CPU.ActiveCfg = Debug|Any CPU
		{02AF57E7-44E5-4717-B699-799E651E3388}.Debug|Any CPU.Build.0 = Debug|Any CPU
		{02AF57E7-44E5-4717-B699-799E651E3388}.Release|Any CPU.ActiveCfg = Release|Any CPU
		{02AF57E7-44E5-4717-B699-799E651E3388}.Release|Any CPU.Build.0 = Release|Any CPU
	EndGlobalSection
	GlobalSection(SolutionProperties) = preSolution
		HideSolutionNode = FALSE
	EndGlobalSection
	GlobalSection(ExtensibilityGlobals) = postSolution
		SolutionGuid = {95DBD4F6-1EC4-45BE-8BB3-92DC316D3462}
	EndGlobalSection
EndGlobal
